// !$*UTF8*$!
{
	archiveVersion = 1;
	classes = {
	};
	objectVersion = 46;
	objects = {

/* Begin PBXBuildFile section */
		4CB4A2541484DEF10078E13A /* CoreFoundation.framework in Frameworks */ = {isa = PBXBuildFile; fileRef = 4CB4A2531484DEF10078E13A /* CoreFoundation.framework */; };
		4CB4A2571484DEF10078E13A /* main.c in Sources */ = {isa = PBXBuildFile; fileRef = 4CB4A2561484DEF10078E13A /* main.c */; };
		4CB4A2591484DEF10078E13A /* Eventer.1 in CopyFiles */ = {isa = PBXBuildFile; fileRef = 4CB4A2581484DEF10078E13A /* Eventer.1 */; };
/* End PBXBuildFile section */

/* Begin PBXCopyFilesBuildPhase section */
		4CB4A24D1484DEF10078E13A /* CopyFiles */ = {
			isa = PBXCopyFilesBuildPhase;
			buildActionMask = 2147483647;
			dstPath = /usr/share/man/man1/;
			dstSubfolderSpec = 0;
			files = (
				4CB4A2591484DEF10078E13A /* Eventer.1 in CopyFiles */,
			);
			runOnlyForDeploymentPostprocessing = 1;
		};
/* End PBXCopyFilesBuildPhase section */

/* Begin PBXFileReference section */
		4CB4A24F1484DEF10078E13A /* Eventer */ = {isa = PBXFileReference; explicitFileType = "compiled.mach-o.executable"; includeInIndex = 0; path = Eventer; sourceTree = BUILT_PRODUCTS_DIR; };
		4CB4A2531484DEF10078E13A /* CoreFoundation.framework */ = {isa = PBXFileReference; lastKnownFileType = wrapper.framework; name = CoreFoundation.framework; path = System/Library/Frameworks/CoreFoundation.framework; sourceTree = SDKROOT; };
		4CB4A2561484DEF10078E13A /* main.c */ = {isa = PBXFileReference; lastKnownFileType = sourcecode.c.c; path = main.c; sourceTree = "<group>"; };
		4CB4A2581484DEF10078E13A /* Eventer.1 */ = {isa = PBXFileReference; lastKnownFileType = text.man; path = Eventer.1; sourceTree = "<group>"; };
/* End PBXFileReference section */

/* Begin PBXFrameworksBuildPhase section */
		4CB4A24C1484DEF10078E13A /* Frameworks */ = {
			isa = PBXFrameworksBuildPhase;
			buildActionMask = 2147483647;
			files = (
				4CB4A2541484DEF10078E13A /* CoreFoundation.framework in Frameworks */,
			);
			runOnlyForDeploymentPostprocessing = 0;
		};
/* End PBXFrameworksBuildPhase section */

/* Begin PBXGroup section */
		4CB4A2441484DEF10078E13A = {
			isa = PBXGroup;
			children = (
				4CB4A2551484DEF10078E13A /* Eventer */,
				4CB4A2521484DEF10078E13A /* Frameworks */,
				4CB4A2501484DEF10078E13A /* Products */,
			);
			sourceTree = "<group>";
		};
		4CB4A2501484DEF10078E13A /* Products */ = {
			isa = PBXGroup;
			children = (
				4CB4A24F1484DEF10078E13A /* Eventer */,
			);
			name = Products;
			sourceTree = "<group>";
		};
		4CB4A2521484DEF10078E13A /* Frameworks */ = {
			isa = PBXGroup;
			children = (
				4CB4A2531484DEF10078E13A /* CoreFoundation.framework */,
			);
			name = Frameworks;
			sourceTree = "<group>";
		};
		4CB4A2551484DEF10078E13A /* Eventer */ = {
			isa = PBXGroup;
			children = (
				4CB4A2561484DEF10078E13A /* main.c */,
				4CB4A2581484DEF10078E13A /* Eventer.1 */,
			);
			path = Eventer;
			sourceTree = "<group>";
		};
/* End PBXGroup section */

/* Begin PBXNativeTarget section */
		4CB4A24E1484DEF10078E13A /* Eventer */ = {
			isa = PBXNativeTarget;
			buildConfigurationList = 4CB4A25C1484DEF10078E13A /* Build configuration list for PBXNativeTarget "Eventer" */;
			buildPhases = (
				4CB4A24B1484DEF10078E13A /* Sources */,
				4CB4A24C1484DEF10078E13A /* Frameworks */,
				4CB4A24D1484DEF10078E13A /* CopyFiles */,
			);
			buildRules = (
			);
			dependencies = (
			);
			name = Eventer;
			productName = Eventer;
			productReference = 4CB4A24F1484DEF10078E13A /* Eventer */;
			productType = "com.apple.product-type.tool";
		};
/* End PBXNativeTarget section */

/* Begin PBXProject section */
		4CB4A2461484DEF10078E13A /* Project object */ = {
			isa = PBXProject;
			attributes = {
				LastUpgradeCheck = 0420;
				ORGANIZATIONNAME = Pomcast;
			};
			buildConfigurationList = 4CB4A2491484DEF10078E13A /* Build configuration list for PBXProject "Eventer" */;
			compatibilityVersion = "Xcode 3.2";
			developmentRegion = English;
			hasScannedForEncodings = 0;
			knownRegions = (
				en,
			);
			mainGroup = 4CB4A2441484DEF10078E13A;
			productRefGroup = 4CB4A2501484DEF10078E13A /* Products */;
			projectDirPath = "";
			projectRoot = "";
			targets = (
				4CB4A24E1484DEF10078E13A /* Eventer */,
			);
		};
/* End PBXProject section */

/* Begin PBXSourcesBuildPhase section */
		4CB4A24B1484DEF10078E13A /* Sources */ = {
			isa = PBXSourcesBuildPhase;
			buildActionMask = 2147483647;
			files = (
				4CB4A2571484DEF10078E13A /* main.c in Sources */,
			);
			runOnlyForDeploymentPostprocessing = 0;
		};
/* End PBXSourcesBuildPhase section */

/* Begin XCBuildConfiguration section */
		4CB4A25A1484DEF10078E13A /* Debug */ = {
			isa = XCBuildConfiguration;
			buildSettings = {
				ALWAYS_SEARCH_USER_PATHS = NO;
				ARCHS = "$(ARCHS_STANDARD_64_BIT)";
				CLANG_ENABLE_OBJC_ARC = YES;
				COPY_PHASE_STRIP = NO;
				GCC_C_LANGUAGE_STANDARD = gnu99;
				GCC_DYNAMIC_NO_PIC = NO;
				GCC_ENABLE_OBJC_EXCEPTIONS = YES;
				GCC_OPTIMIZATION_LEVEL = 0;
				GCC_PREPROCESSOR_DEFINITIONS = (
					"DEBUG=1",
					"$(inherited)",
				);
				GCC_SYMBOLS_PRIVATE_EXTERN = NO;
				GCC_VERSION = com.apple.compilers.llvm.clang.1_0;
				GCC_WARN_64_TO_32_BIT_CONVERSION = YES;
				GCC_WARN_ABOUT_MISSING_PROTOTYPES = YES;
				GCC_WARN_ABOUT_RETURN_TYPE = YES;
				GCC_WARN_UNUSED_VARIABLE = YES;
				MACOSX_DEPLOYMENT_TARGET = 10.7;
				ONLY_ACTIVE_ARCH = YES;
				SDKROOT = macosx;
			};
			name = Debug;
		};
		4CB4A25B1484DEF10078E13A /* Release */ = {
			isa = XCBuildConfiguration;
			buildSettings = {
				ALWAYS_SEARCH_USER_PATHS = NO;
				ARCHS = "$(ARCHS_STANDARD_64_BIT)";
				CLANG_ENABLE_OBJC_ARC = YES;
				COPY_PHASE_STRIP = YES;
				DEBUG_INFORMATION_FORMAT = "dwarf-with-dsym";
				GCC_C_LANGUAGE_STANDARD = gnu99;
				GCC_ENABLE_OBJC_EXCEPTIONS = YES;
				GCC_VERSION = com.apple.compilers.llvm.clang.1_0;
				GCC_WARN_64_TO_32_BIT_CONVERSION = YES;
				GCC_WARN_ABOUT_MISSING_PROTOTYPES = YES;
				GCC_WARN_ABOUT_RETURN_TYPE = YES;
				GCC_WARN_UNUSED_VARIABLE = YES;
				MACOSX_DEPLOYMENT_TARGET = 10.7;
				SDKROOT = macosx;
			};
			name = Release;
		};
		4CB4A25D1484DEF10078E13A /* Debug */ = {
			isa = XCBuildConfiguration;
			buildSettings = {
				PRODUCT_NAME = "$(TARGET_NAME)";
			};
			name = Debug;
		};
		4CB4A25E1484DEF10078E13A /* Release */ = {
			isa = XCBuildConfiguration;
			buildSettings = {
				PRODUCT_NAME = "$(TARGET_NAME)";
			};
			name = Release;
		};
/* End XCBuildConfiguration section */

/* Begin XCConfigurationList section */
		4CB4A2491484DEF10078E13A /* Build configuration list for PBXProject "Eventer" */ = {
			isa = XCConfigurationList;
			buildConfigurations = (
				4CB4A25A1484DEF10078E13A /* Debug */,
				4CB4A25B1484DEF10078E13A /* Release */,
			);
			defaultConfigurationIsVisible = 0;
			defaultConfigurationName = Release;
		};
		4CB4A25C1484DEF10078E13A /* Build configuration list for PBXNativeTarget "Eventer" */ = {
			isa = XCConfigurationList;
			buildConfigurations = (
				4CB4A25D1484DEF10078E13A /* Debug */,
				4CB4A25E1484DEF10078E13A /* Release */,
			);
			defaultConfigurationIsVisible = 0;
		};
/* End XCConfigurationList section */
	};
	rootObject = 4CB4A2461484DEF10078E13A /* Project object */;
}
